PODS:
  - Alamofire (5.2.2)
  - FittedSheets (2.1.6)
  - SDWebImage (5.8.4):
    - SDWebImage/Core (= 5.8.4)
  - SDWebImage/Core (5.8.4)
  - SVProgressHUD (2.2.5)

DEPENDENCIES:
  - Alamofire
  - FittedSheets
  - SDWebImage
  - SVProgressHUD

SPEC REPOS:
  trunk:
    - Alamofire
    - FittedSheets
    - SDWebImage
    - SVProgressHUD

SPEC CHECKSUMS:
  Alamofire: 814429acc853c6c54ff123fc3d2ef66803823ce0
  FittedSheets: 26b007e00b524125978af6004059742257f07251
  SDWebImage: cf6922231e95550934da2ada0f20f2becf2ceba9
  SVProgressHUD: 1428aafac632c1f86f62aa4243ec12008d7a51d6

PODFILE CHECKSUM: d98b703dddf5da0d3c8ca877586c96e7df7ec155

COCOAPODS: 1.9.3
